// !$*UTF8*$!
{
	archiveVersion = 1;
	classes = {
	};
	objectVersion = 56;
	objects = {

/* Begin PBXBuildFile section */
		692747C52BCEC32500E01B14 /* SnapKit in Frameworks */ = {isa = PBXBuildFile; productRef = 692747C42BCEC32500E01B14 /* SnapKit */; };
		692747C82BCEC33700E01B14 /* Alamofire in Frameworks */ = {isa = PBXBuildFile; productRef = 692747C72BCEC33700E01B14 /* Alamofire */; };
		692747CA2BCEC33700E01B14 /* AlamofireDynamic in Frameworks */ = {isa = PBXBuildFile; productRef = 692747C92BCEC33700E01B14 /* AlamofireDynamic */; };
		69E81BB72BFCDD6900BE6537 /* AppContainer.swift in Sources */ = {isa = PBXBuildFile; fileRef = 69E81B7E2BFCDD6900BE6537 /* AppContainer.swift */; };
		69E81BB82BFCDD6900BE6537 /* AppDelegate.swift in Sources */ = {isa = PBXBuildFile; fileRef = 69E81B7F2BFCDD6900BE6537 /* AppDelegate.swift */; };
		69E81BBA2BFCDD6900BE6537 /* SceneDelegate.swift in Sources */ = {isa = PBXBuildFile; fileRef = 69E81B812BFCDD6900BE6537 /* SceneDelegate.swift */; };
		69E81BBB2BFCDD6900BE6537 /* CoreDataManager.swift in Sources */ = {isa = PBXBuildFile; fileRef = 69E81B832BFCDD6900BE6537 /* CoreDataManager.swift */; };
		69E81BBC2BFCDD6900BE6537 /* Entity+CoreDataClass.swift in Sources */ = {isa = PBXBuildFile; fileRef = 69E81B842BFCDD6900BE6537 /* Entity+CoreDataClass.swift */; };
		69E81BBD2BFCDD6900BE6537 /* Entity+CoreDataProperties.swift in Sources */ = {isa = PBXBuildFile; fileRef = 69E81B852BFCDD6900BE6537 /* Entity+CoreDataProperties.swift */; };
		69E81BBE2BFCDD6900BE6537 /* FavoriteManager.swift in Sources */ = {isa = PBXBuildFile; fileRef = 69E81B862BFCDD6900BE6537 /* FavoriteManager.swift */; };
		69E81BC02BFCDD6900BE6537 /* FavoritesCell.swift in Sources */ = {isa = PBXBuildFile; fileRef = 69E81B892BFCDD6900BE6537 /* FavoritesCell.swift */; };
		69E81BC12BFCDD6900BE6537 /* FavoritesViewController.swift in Sources */ = {isa = PBXBuildFile; fileRef = 69E81B8A2BFCDD6900BE6537 /* FavoritesViewController.swift */; };
		69E81BC22BFCDD6900BE6537 /* FavoriteUniversityHeaderCell.swift in Sources */ = {isa = PBXBuildFile; fileRef = 69E81B8B2BFCDD6900BE6537 /* FavoriteUniversityHeaderCell.swift */; };
		69E81BC32BFCDD6900BE6537 /* Reusable.swift in Sources */ = {isa = PBXBuildFile; fileRef = 69E81B8E2BFCDD6900BE6537 /* Reusable.swift */; };
		69E81BC42BFCDD6900BE6537 /* String.swift in Sources */ = {isa = PBXBuildFile; fileRef = 69E81B8F2BFCDD6900BE6537 /* String.swift */; };
		69E81BC52BFCDD6900BE6537 /* UIView+Extension.swift in Sources */ = {isa = PBXBuildFile; fileRef = 69E81B902BFCDD6900BE6537 /* UIView+Extension.swift */; };
		69E81BC62BFCDD6900BE6537 /* Error.swift in Sources */ = {isa = PBXBuildFile; fileRef = 69E81B922BFCDD6900BE6537 /* Error.swift */; };
		69E81BC72BFCDD6900BE6537 /* NetworkManager.swift in Sources */ = {isa = PBXBuildFile; fileRef = 69E81B932BFCDD6900BE6537 /* NetworkManager.swift */; };
		69E81BC82BFCDD6900BE6537 /* NetworkUtility.swift in Sources */ = {isa = PBXBuildFile; fileRef = 69E81B942BFCDD6900BE6537 /* NetworkUtility.swift */; };
		69E81BC92BFCDD6900BE6537 /* UniversityService.swift in Sources */ = {isa = PBXBuildFile; fileRef = 69E81B962BFCDD6900BE6537 /* UniversityService.swift */; };
		69E81BCA2BFCDD6900BE6537 /* University.swift in Sources */ = {isa = PBXBuildFile; fileRef = 69E81B992BFCDD6900BE6537 /* University.swift */; };
		69E81BCB2BFCDD6900BE6537 /* ProvinceCell.swift in Sources */ = {isa = PBXBuildFile; fileRef = 69E81B9B2BFCDD6900BE6537 /* ProvinceCell.swift */; };
		69E81BCC2BFCDD6900BE6537 /* UniversityCell.swift in Sources */ = {isa = PBXBuildFile; fileRef = 69E81B9C2BFCDD6900BE6537 /* UniversityCell.swift */; };
		69E81BCD2BFCDD6900BE6537 /* UniversityDetailCell.swift in Sources */ = {isa = PBXBuildFile; fileRef = 69E81B9D2BFCDD6900BE6537 /* UniversityDetailCell.swift */; };
		69E81BCE2BFCDD6900BE6537 /* UniversityHeaderView.swift in Sources */ = {isa = PBXBuildFile; fileRef = 69E81B9E2BFCDD6900BE6537 /* UniversityHeaderView.swift */; };
		69E81BCF2BFCDD6900BE6537 /* UniversityVC.swift in Sources */ = {isa = PBXBuildFile; fileRef = 69E81B9F2BFCDD6900BE6537 /* UniversityVC.swift */; };
		69E81BD02BFCDD6900BE6537 /* UniversityViewModel.swift in Sources */ = {isa = PBXBuildFile; fileRef = 69E81BA12BFCDD6900BE6537 /* UniversityViewModel.swift */; };
		69E81BD12BFCDD6900BE6537 /* SplashViewController.swift in Sources */ = {isa = PBXBuildFile; fileRef = 69E81BA42BFCDD6900BE6537 /* SplashViewController.swift */; };
		69E81BD22BFCDD6900BE6537 /* UniversityList.swift in Sources */ = {isa = PBXBuildFile; fileRef = 69E81BA62BFCDD6900BE6537 /* UniversityList.swift */; };
		69E81BD32BFCDD6900BE6537 /* ListCell.swift in Sources */ = {isa = PBXBuildFile; fileRef = 69E81BA82BFCDD6900BE6537 /* ListCell.swift */; };
		69E81BD42BFCDD6900BE6537 /* ListVC.swift in Sources */ = {isa = PBXBuildFile; fileRef = 69E81BA92BFCDD6900BE6537 /* ListVC.swift */; };
		69E81BD52BFCDD6900BE6537 /* UniversityListTableViewCell.swift in Sources */ = {isa = PBXBuildFile; fileRef = 69E81BAA2BFCDD6900BE6537 /* UniversityListTableViewCell.swift */; };
		69E81BD62BFCDD6900BE6537 /* ListViewModel.swift in Sources */ = {isa = PBXBuildFile; fileRef = 69E81BAC2BFCDD6900BE6537 /* ListViewModel.swift */; };
		69E81BD72BFCDD6900BE6537 /* WebViewController.swift in Sources */ = {isa = PBXBuildFile; fileRef = 69E81BAF2BFCDD6900BE6537 /* WebViewController.swift */; };
		69E81BD82BFCDD6900BE6537 /* Assets.xcassets in Resources */ = {isa = PBXBuildFile; fileRef = 69E81BB12BFCDD6900BE6537 /* Assets.xcassets */; };
		69E81BDA2BFCDD6900BE6537 /* Main.storyboard in Resources */ = {isa = PBXBuildFile; fileRef = 69E81BB42BFCDD6900BE6537 /* Main.storyboard */; };
		69E81BDC2BFCDE5600BE6537 /* AppRouter.swift in Sources */ = {isa = PBXBuildFile; fileRef = 69E81BDB2BFCDE5600BE6537 /* AppRouter.swift */; };
		69E81BE82BFCE07900BE6537 /* University.xcdatamodeld in Sources */ = {isa = PBXBuildFile; fileRef = 69E81BE62BFCE07900BE6537 /* University.xcdatamodeld */; };
/* End PBXBuildFile section */

/* Begin PBXFileReference section */
		69E81B7E2BFCDD6900BE6537 /* AppContainer.swift */ = {isa = PBXFileReference; fileEncoding = 4; lastKnownFileType = sourcecode.swift; path = AppContainer.swift; sourceTree = "<group>"; };
		69E81B7F2BFCDD6900BE6537 /* AppDelegate.swift */ = {isa = PBXFileReference; fileEncoding = 4; lastKnownFileType = sourcecode.swift; path = AppDelegate.swift; sourceTree = "<group>"; };
		69E81B812BFCDD6900BE6537 /* SceneDelegate.swift */ = {isa = PBXFileReference; fileEncoding = 4; lastKnownFileType = sourcecode.swift; path = SceneDelegate.swift; sourceTree = "<group>"; };
		69E81B832BFCDD6900BE6537 /* CoreDataManager.swift */ = {isa = PBXFileReference; fileEncoding = 4; lastKnownFileType = sourcecode.swift; path = CoreDataManager.swift; sourceTree = "<group>"; };
		69E81B842BFCDD6900BE6537 /* Entity+CoreDataClass.swift */ = {isa = PBXFileReference; fileEncoding = 4; lastKnownFileType = sourcecode.swift; path = "Entity+CoreDataClass.swift"; sourceTree = "<group>"; };
		69E81B852BFCDD6900BE6537 /* Entity+CoreDataProperties.swift */ = {isa = PBXFileReference; fileEncoding = 4; lastKnownFileType = sourcecode.swift; path = "Entity+CoreDataProperties.swift"; sourceTree = "<group>"; };
		69E81B862BFCDD6900BE6537 /* FavoriteManager.swift */ = {isa = PBXFileReference; fileEncoding = 4; lastKnownFileType = sourcecode.swift; path = FavoriteManager.swift; sourceTree = "<group>"; };
		69E81B892BFCDD6900BE6537 /* FavoritesCell.swift */ = {isa = PBXFileReference; fileEncoding = 4; lastKnownFileType = sourcecode.swift; path = FavoritesCell.swift; sourceTree = "<group>"; };
		69E81B8A2BFCDD6900BE6537 /* FavoritesViewController.swift */ = {isa = PBXFileReference; fileEncoding = 4; lastKnownFileType = sourcecode.swift; path = FavoritesViewController.swift; sourceTree = "<group>"; };
		69E81B8B2BFCDD6900BE6537 /* FavoriteUniversityHeaderCell.swift */ = {isa = PBXFileReference; fileEncoding = 4; lastKnownFileType = sourcecode.swift; path = FavoriteUniversityHeaderCell.swift; sourceTree = "<group>"; };
		69E81B8E2BFCDD6900BE6537 /* Reusable.swift */ = {isa = PBXFileReference; fileEncoding = 4; lastKnownFileType = sourcecode.swift; path = Reusable.swift; sourceTree = "<group>"; };
		69E81B8F2BFCDD6900BE6537 /* String.swift */ = {isa = PBXFileReference; fileEncoding = 4; lastKnownFileType = sourcecode.swift; path = String.swift; sourceTree = "<group>"; };
		69E81B902BFCDD6900BE6537 /* UIView+Extension.swift */ = {isa = PBXFileReference; fileEncoding = 4; lastKnownFileType = sourcecode.swift; path = "UIView+Extension.swift"; sourceTree = "<group>"; };
		69E81B922BFCDD6900BE6537 /* Error.swift */ = {isa = PBXFileReference; fileEncoding = 4; lastKnownFileType = sourcecode.swift; path = Error.swift; sourceTree = "<group>"; };
		69E81B932BFCDD6900BE6537 /* NetworkManager.swift */ = {isa = PBXFileReference; fileEncoding = 4; lastKnownFileType = sourcecode.swift; path = NetworkManager.swift; sourceTree = "<group>"; };
		69E81B942BFCDD6900BE6537 /* NetworkUtility.swift */ = {isa = PBXFileReference; fileEncoding = 4; lastKnownFileType = sourcecode.swift; path = NetworkUtility.swift; sourceTree = "<group>"; };
		69E81B962BFCDD6900BE6537 /* UniversityService.swift */ = {isa = PBXFileReference; fileEncoding = 4; lastKnownFileType = sourcecode.swift; path = UniversityService.swift; sourceTree = "<group>"; };
		69E81B992BFCDD6900BE6537 /* University.swift */ = {isa = PBXFileReference; fileEncoding = 4; lastKnownFileType = sourcecode.swift; path = University.swift; sourceTree = "<group>"; };
		69E81B9B2BFCDD6900BE6537 /* ProvinceCell.swift */ = {isa = PBXFileReference; fileEncoding = 4; lastKnownFileType = sourcecode.swift; path = ProvinceCell.swift; sourceTree = "<group>"; };
		69E81B9C2BFCDD6900BE6537 /* UniversityCell.swift */ = {isa = PBXFileReference; fileEncoding = 4; lastKnownFileType = sourcecode.swift; path = UniversityCell.swift; sourceTree = "<group>"; };
		69E81B9D2BFCDD6900BE6537 /* UniversityDetailCell.swift */ = {isa = PBXFileReference; fileEncoding = 4; lastKnownFileType = sourcecode.swift; path = UniversityDetailCell.swift; sourceTree = "<group>"; };
		69E81B9E2BFCDD6900BE6537 /* UniversityHeaderView.swift */ = {isa = PBXFileReference; fileEncoding = 4; lastKnownFileType = sourcecode.swift; path = UniversityHeaderView.swift; sourceTree = "<group>"; };
		69E81B9F2BFCDD6900BE6537 /* UniversityVC.swift */ = {isa = PBXFileReference; fileEncoding = 4; lastKnownFileType = sourcecode.swift; path = UniversityVC.swift; sourceTree = "<group>"; };
		69E81BA12BFCDD6900BE6537 /* UniversityViewModel.swift */ = {isa = PBXFileReference; fileEncoding = 4; lastKnownFileType = sourcecode.swift; path = UniversityViewModel.swift; sourceTree = "<group>"; };
		69E81BA42BFCDD6900BE6537 /* SplashViewController.swift */ = {isa = PBXFileReference; fileEncoding = 4; lastKnownFileType = sourcecode.swift; path = SplashViewController.swift; sourceTree = "<group>"; };
		69E81BA62BFCDD6900BE6537 /* UniversityList.swift */ = {isa = PBXFileReference; fileEncoding = 4; lastKnownFileType = sourcecode.swift; path = UniversityList.swift; sourceTree = "<group>"; };
		69E81BA82BFCDD6900BE6537 /* ListCell.swift */ = {isa = PBXFileReference; fileEncoding = 4; lastKnownFileType = sourcecode.swift; path = ListCell.swift; sourceTree = "<group>"; };
		69E81BA92BFCDD6900BE6537 /* ListVC.swift */ = {isa = PBXFileReference; fileEncoding = 4; lastKnownFileType = sourcecode.swift; path = ListVC.swift; sourceTree = "<group>"; };
		69E81BAA2BFCDD6900BE6537 /* UniversityListTableViewCell.swift */ = {isa = PBXFileReference; fileEncoding = 4; lastKnownFileType = sourcecode.swift; path = UniversityListTableViewCell.swift; sourceTree = "<group>"; };
		69E81BAC2BFCDD6900BE6537 /* ListViewModel.swift */ = {isa = PBXFileReference; fileEncoding = 4; lastKnownFileType = sourcecode.swift; path = ListViewModel.swift; sourceTree = "<group>"; };
		69E81BAF2BFCDD6900BE6537 /* WebViewController.swift */ = {isa = PBXFileReference; fileEncoding = 4; lastKnownFileType = sourcecode.swift; path = WebViewController.swift; sourceTree = "<group>"; };
		69E81BB12BFCDD6900BE6537 /* Assets.xcassets */ = {isa = PBXFileReference; lastKnownFileType = folder.assetcatalog; path = Assets.xcassets; sourceTree = "<group>"; };
		69E81BB22BFCDD6900BE6537 /* Info.plist */ = {isa = PBXFileReference; fileEncoding = 4; lastKnownFileType = text.plist.xml; path = Info.plist; sourceTree = "<group>"; };
		69E81BB32BFCDD6900BE6537 /* Base */ = {isa = PBXFileReference; lastKnownFileType = file.storyboard; name = Base; path = Base.lproj/Main.storyboard; sourceTree = "<group>"; };
		69E81BDB2BFCDE5600BE6537 /* AppRouter.swift */ = {isa = PBXFileReference; lastKnownFileType = sourcecode.swift; path = AppRouter.swift; sourceTree = "<group>"; };
		69E81BE72BFCE07900BE6537 /* University.xcdatamodel */ = {isa = PBXFileReference; lastKnownFileType = wrapper.xcdatamodel; path = University.xcdatamodel; sourceTree = "<group>"; };
		69F899512BBC4B8700D600BE /* University.app */ = {isa = PBXFileReference; explicitFileType = wrapper.application; includeInIndex = 0; path = University.app; sourceTree = BUILT_PRODUCTS_DIR; };
/* End PBXFileReference section */

/* Begin PBXFrameworksBuildPhase section */
		69F8994E2BBC4B8700D600BE /* Frameworks */ = {
			isa = PBXFrameworksBuildPhase;
			buildActionMask = 2147483647;
			files = (
				692747C52BCEC32500E01B14 /* SnapKit in Frameworks */,
				692747CA2BCEC33700E01B14 /* AlamofireDynamic in Frameworks */,
				692747C82BCEC33700E01B14 /* Alamofire in Frameworks */,
			);
			runOnlyForDeploymentPostprocessing = 0;
		};
/* End PBXFrameworksBuildPhase section */

/* Begin PBXGroup section */
		69E81B822BFCDD6900BE6537 /* App */ = {
			isa = PBXGroup;
			children = (
				69E81B7E2BFCDD6900BE6537 /* AppContainer.swift */,
				69E81B7F2BFCDD6900BE6537 /* AppDelegate.swift */,
				69E81B812BFCDD6900BE6537 /* SceneDelegate.swift */,
				69E81BDB2BFCDE5600BE6537 /* AppRouter.swift */,
			);
			path = App;
			sourceTree = "<group>";
		};
		69E81B882BFCDD6900BE6537 /* CoreDataManager */ = {
			isa = PBXGroup;
			children = (
				69E81B832BFCDD6900BE6537 /* CoreDataManager.swift */,
				69E81B842BFCDD6900BE6537 /* Entity+CoreDataClass.swift */,
				69E81B852BFCDD6900BE6537 /* Entity+CoreDataProperties.swift */,
				69E81B862BFCDD6900BE6537 /* FavoriteManager.swift */,
			);
			path = CoreDataManager;
			sourceTree = "<group>";
		};
		69E81B8C2BFCDD6900BE6537 /* View */ = {
			isa = PBXGroup;
			children = (
				69E81B892BFCDD6900BE6537 /* FavoritesCell.swift */,
				69E81B8A2BFCDD6900BE6537 /* FavoritesViewController.swift */,
				69E81B8B2BFCDD6900BE6537 /* FavoriteUniversityHeaderCell.swift */,
			);
			path = View;
			sourceTree = "<group>";
		};
		69E81B8D2BFCDD6900BE6537 /* Favorites */ = {
			isa = PBXGroup;
			children = (
				69E81B8C2BFCDD6900BE6537 /* View */,
			);
			path = Favorites;
			sourceTree = "<group>";
		};
		69E81B912BFCDD6900BE6537 /* Helper */ = {
			isa = PBXGroup;
			children = (
				69E81B8E2BFCDD6900BE6537 /* Reusable.swift */,
				69E81B8F2BFCDD6900BE6537 /* String.swift */,
				69E81B902BFCDD6900BE6537 /* UIView+Extension.swift */,
			);
			path = Helper;
			sourceTree = "<group>";
		};
		69E81B952BFCDD6900BE6537 /* API */ = {
			isa = PBXGroup;
			children = (
				69E81B922BFCDD6900BE6537 /* Error.swift */,
				69E81B932BFCDD6900BE6537 /* NetworkManager.swift */,
				69E81B942BFCDD6900BE6537 /* NetworkUtility.swift */,
			);
			path = API;
			sourceTree = "<group>";
		};
		69E81B972BFCDD6900BE6537 /* Core */ = {
			isa = PBXGroup;
			children = (
				69E81B962BFCDD6900BE6537 /* UniversityService.swift */,
			);
			path = Core;
			sourceTree = "<group>";
		};
		69E81B982BFCDD6900BE6537 /* NetworkManager */ = {
			isa = PBXGroup;
			children = (
				69E81B952BFCDD6900BE6537 /* API */,
				69E81B972BFCDD6900BE6537 /* Core */,
			);
			path = NetworkManager;
			sourceTree = "<group>";
		};
		69E81B9A2BFCDD6900BE6537 /* Model */ = {
			isa = PBXGroup;
			children = (
				69E81B992BFCDD6900BE6537 /* University.swift */,
			);
			path = Model;
			sourceTree = "<group>";
		};
		69E81BA02BFCDD6900BE6537 /* View */ = {
			isa = PBXGroup;
			children = (
				69E81B9B2BFCDD6900BE6537 /* ProvinceCell.swift */,
				69E81B9C2BFCDD6900BE6537 /* UniversityCell.swift */,
				69E81B9D2BFCDD6900BE6537 /* UniversityDetailCell.swift */,
				69E81B9E2BFCDD6900BE6537 /* UniversityHeaderView.swift */,
				69E81B9F2BFCDD6900BE6537 /* UniversityVC.swift */,
			);
			path = View;
			sourceTree = "<group>";
		};
		69E81BA22BFCDD6900BE6537 /* ViewModel */ = {
			isa = PBXGroup;
			children = (
				69E81BA12BFCDD6900BE6537 /* UniversityViewModel.swift */,
			);
			path = ViewModel;
			sourceTree = "<group>";
		};
		69E81BA32BFCDD6900BE6537 /* ProvinceList */ = {
			isa = PBXGroup;
			children = (
				69E81B9A2BFCDD6900BE6537 /* Model */,
				69E81BA02BFCDD6900BE6537 /* View */,
				69E81BA22BFCDD6900BE6537 /* ViewModel */,
			);
			path = ProvinceList;
			sourceTree = "<group>";
		};
		69E81BA52BFCDD6900BE6537 /* Splash */ = {
			isa = PBXGroup;
			children = (
				69E81BA42BFCDD6900BE6537 /* SplashViewController.swift */,
			);
			path = Splash;
			sourceTree = "<group>";
		};
		69E81BA72BFCDD6900BE6537 /* Model */ = {
			isa = PBXGroup;
			children = (
				69E81BA62BFCDD6900BE6537 /* UniversityList.swift */,
			);
			path = Model;
			sourceTree = "<group>";
		};
		69E81BAB2BFCDD6900BE6537 /* View */ = {
			isa = PBXGroup;
			children = (
				69E81BA82BFCDD6900BE6537 /* ListCell.swift */,
				69E81BA92BFCDD6900BE6537 /* ListVC.swift */,
				69E81BAA2BFCDD6900BE6537 /* UniversityListTableViewCell.swift */,
			);
			path = View;
			sourceTree = "<group>";
		};
		69E81BAD2BFCDD6900BE6537 /* ViewModel */ = {
			isa = PBXGroup;
			children = (
				69E81BAC2BFCDD6900BE6537 /* ListViewModel.swift */,
			);
			path = ViewModel;
			sourceTree = "<group>";
		};
		69E81BAE2BFCDD6900BE6537 /* UniversityList */ = {
			isa = PBXGroup;
			children = (
				69E81BA72BFCDD6900BE6537 /* Model */,
				69E81BAB2BFCDD6900BE6537 /* View */,
				69E81BAD2BFCDD6900BE6537 /* ViewModel */,
			);
			path = UniversityList;
			sourceTree = "<group>";
		};
		69E81BB02BFCDD6900BE6537 /* WebView */ = {
			isa = PBXGroup;
			children = (
				69E81BAF2BFCDD6900BE6537 /* WebViewController.swift */,
			);
			path = WebView;
			sourceTree = "<group>";
		};
		69E81BB52BFCDD6900BE6537 /* University */ = {
			isa = PBXGroup;
			children = (
				69E81B822BFCDD6900BE6537 /* App */,
				69E81B882BFCDD6900BE6537 /* CoreDataManager */,
				69E81B8D2BFCDD6900BE6537 /* Favorites */,
				69E81B912BFCDD6900BE6537 /* Helper */,
				69E81B982BFCDD6900BE6537 /* NetworkManager */,
				69E81BA32BFCDD6900BE6537 /* ProvinceList */,
				69E81BA52BFCDD6900BE6537 /* Splash */,
				69E81BAE2BFCDD6900BE6537 /* UniversityList */,
				69E81BB02BFCDD6900BE6537 /* WebView */,
				69E81BB12BFCDD6900BE6537 /* Assets.xcassets */,
				69E81BB22BFCDD6900BE6537 /* Info.plist */,
				69E81BE62BFCE07900BE6537 /* University.xcdatamodeld */,
				69E81BB42BFCDD6900BE6537 /* Main.storyboard */,
			);
			path = University;
			sourceTree = "<group>";
		};
		69F899482BBC4B8700D600BE = {
			isa = PBXGroup;
			children = (
				69E81BB52BFCDD6900BE6537 /* University */,
				69F899522BBC4B8700D600BE /* Products */,
			);
			sourceTree = "<group>";
		};
		69F899522BBC4B8700D600BE /* Products */ = {
			isa = PBXGroup;
			children = (
				69F899512BBC4B8700D600BE /* University.app */,
			);
			name = Products;
			sourceTree = "<group>";
		};
/* End PBXGroup section */

/* Begin PBXNativeTarget section */
		69F899502BBC4B8700D600BE /* University */ = {
			isa = PBXNativeTarget;
			buildConfigurationList = 69F899682BBC4B8A00D600BE /* Build configuration list for PBXNativeTarget "University" */;
			buildPhases = (
				69F8994D2BBC4B8700D600BE /* Sources */,
				69F8994E2BBC4B8700D600BE /* Frameworks */,
				69F8994F2BBC4B8700D600BE /* Resources */,
			);
			buildRules = (
			);
			dependencies = (
			);
			name = University;
			packageProductDependencies = (
				692747C42BCEC32500E01B14 /* SnapKit */,
				692747C72BCEC33700E01B14 /* Alamofire */,
				692747C92BCEC33700E01B14 /* AlamofireDynamic */,
			);
			productName = University;
			productReference = 69F899512BBC4B8700D600BE /* University.app */;
			productType = "com.apple.product-type.application";
		};
/* End PBXNativeTarget section */

/* Begin PBXProject section */
		69F899492BBC4B8700D600BE /* Project object */ = {
			isa = PBXProject;
			attributes = {
				BuildIndependentTargetsInParallel = 1;
				LastSwiftUpdateCheck = 1530;
				LastUpgradeCheck = 1530;
				TargetAttributes = {
					69F899502BBC4B8700D600BE = {
						CreatedOnToolsVersion = 15.3;
					};
				};
			};
			buildConfigurationList = 69F8994C2BBC4B8700D600BE /* Build configuration list for PBXProject "University" */;
			compatibilityVersion = "Xcode 14.0";
			developmentRegion = en;
			hasScannedForEncodings = 0;
			knownRegions = (
				en,
				Base,
			);
			mainGroup = 69F899482BBC4B8700D600BE;
			packageReferences = (
				692747C32BCEC32500E01B14 /* XCRemoteSwiftPackageReference "SnapKit" */,
				692747C62BCEC33700E01B14 /* XCRemoteSwiftPackageReference "Alamofire" */,
			);
			productRefGroup = 69F899522BBC4B8700D600BE /* Products */;
			projectDirPath = "";
			projectRoot = "";
			targets = (
				69F899502BBC4B8700D600BE /* University */,
			);
		};
/* End PBXProject section */

/* Begin PBXResourcesBuildPhase section */
		69F8994F2BBC4B8700D600BE /* Resources */ = {
			isa = PBXResourcesBuildPhase;
			buildActionMask = 2147483647;
			files = (
				69E81BDA2BFCDD6900BE6537 /* Main.storyboard in Resources */,
				69E81BD82BFCDD6900BE6537 /* Assets.xcassets in Resources */,
			);
			runOnlyForDeploymentPostprocessing = 0;
		};
/* End PBXResourcesBuildPhase section */

/* Begin PBXSourcesBuildPhase section */
		69F8994D2BBC4B8700D600BE /* Sources */ = {
			isa = PBXSourcesBuildPhase;
			buildActionMask = 2147483647;
			files = (
				69E81BD52BFCDD6900BE6537 /* UniversityListTableViewCell.swift in Sources */,
				69E81BD72BFCDD6900BE6537 /* WebViewController.swift in Sources */,
				69E81BC62BFCDD6900BE6537 /* Error.swift in Sources */,
				69E81BC22BFCDD6900BE6537 /* FavoriteUniversityHeaderCell.swift in Sources */,
				69E81BB82BFCDD6900BE6537 /* AppDelegate.swift in Sources */,
				69E81BD12BFCDD6900BE6537 /* SplashViewController.swift in Sources */,
				69E81BB72BFCDD6900BE6537 /* AppContainer.swift in Sources */,
				69E81BD22BFCDD6900BE6537 /* UniversityList.swift in Sources */,
				69E81BD42BFCDD6900BE6537 /* ListVC.swift in Sources */,
				69E81BC52BFCDD6900BE6537 /* UIView+Extension.swift in Sources */,
				69E81BCF2BFCDD6900BE6537 /* UniversityVC.swift in Sources */,
				69E81BBC2BFCDD6900BE6537 /* Entity+CoreDataClass.swift in Sources */,
				69E81BD32BFCDD6900BE6537 /* ListCell.swift in Sources */,
				69E81BC42BFCDD6900BE6537 /* String.swift in Sources */,
				69E81BC82BFCDD6900BE6537 /* NetworkUtility.swift in Sources */,
				69E81BCD2BFCDD6900BE6537 /* UniversityDetailCell.swift in Sources */,
				69E81BC92BFCDD6900BE6537 /* UniversityService.swift in Sources */,
				69E81BCA2BFCDD6900BE6537 /* University.swift in Sources */,
				69E81BC02BFCDD6900BE6537 /* FavoritesCell.swift in Sources */,
				69E81BBE2BFCDD6900BE6537 /* FavoriteManager.swift in Sources */,
				69E81BCB2BFCDD6900BE6537 /* ProvinceCell.swift in Sources */,
				69E81BC32BFCDD6900BE6537 /* Reusable.swift in Sources */,
				69E81BC72BFCDD6900BE6537 /* NetworkManager.swift in Sources */,
				69E81BD62BFCDD6900BE6537 /* ListViewModel.swift in Sources */,
				69E81BBD2BFCDD6900BE6537 /* Entity+CoreDataProperties.swift in Sources */,
				69E81BC12BFCDD6900BE6537 /* FavoritesViewController.swift in Sources */,
				69E81BCE2BFCDD6900BE6537 /* UniversityHeaderView.swift in Sources */,
				69E81BD02BFCDD6900BE6537 /* UniversityViewModel.swift in Sources */,
				69E81BDC2BFCDE5600BE6537 /* AppRouter.swift in Sources */,
				69E81BCC2BFCDD6900BE6537 /* UniversityCell.swift in Sources */,
				69E81BE82BFCE07900BE6537 /* University.xcdatamodeld in Sources */,
				69E81BBB2BFCDD6900BE6537 /* CoreDataManager.swift in Sources */,
				69E81BBA2BFCDD6900BE6537 /* SceneDelegate.swift in Sources */,
			);
			runOnlyForDeploymentPostprocessing = 0;
		};
/* End PBXSourcesBuildPhase section */

/* Begin PBXVariantGroup section */
		69E81BB42BFCDD6900BE6537 /* Main.storyboard */ = {
			isa = PBXVariantGroup;
			children = (
				69E81BB32BFCDD6900BE6537 /* Base */,
			);
			name = Main.storyboard;
			sourceTree = "<group>";
		};
/* End PBXVariantGroup section */

/* Begin XCBuildConfiguration section */
		69F899662BBC4B8A00D600BE /* Debug */ = {
			isa = XCBuildConfiguration;
			buildSettings = {
				ALWAYS_SEARCH_USER_PATHS = NO;
				ASSETCATALOG_COMPILER_GENERATE_SWIFT_ASSET_SYMBOL_EXTENSIONS = YES;
				CLANG_ANALYZER_NONNULL = YES;
				CLANG_ANALYZER_NUMBER_OBJECT_CONVERSION = YES_AGGRESSIVE;
				CLANG_CXX_LANGUAGE_STANDARD = "gnu++20";
				CLANG_ENABLE_MODULES = YES;
				CLANG_ENABLE_OBJC_ARC = YES;
				CLANG_ENABLE_OBJC_WEAK = YES;
				CLANG_WARN_BLOCK_CAPTURE_AUTORELEASING = YES;
				CLANG_WARN_BOOL_CONVERSION = YES;
				CLANG_WARN_COMMA = YES;
				CLANG_WARN_CONSTANT_CONVERSION = YES;
				CLANG_WARN_DEPRECATED_OBJC_IMPLEMENTATIONS = YES;
				CLANG_WARN_DIRECT_OBJC_ISA_USAGE = YES_ERROR;
				CLANG_WARN_DOCUMENTATION_COMMENTS = YES;
				CLANG_WARN_EMPTY_BODY = YES;
				CLANG_WARN_ENUM_CONVERSION = YES;
				CLANG_WARN_INFINITE_RECURSION = YES;
				CLANG_WARN_INT_CONVERSION = YES;
				CLANG_WARN_NON_LITERAL_NULL_CONVERSION = YES;
				CLANG_WARN_OBJC_IMPLICIT_RETAIN_SELF = YES;
				CLANG_WARN_OBJC_LITERAL_CONVERSION = YES;
				CLANG_WARN_OBJC_ROOT_CLASS = YES_ERROR;
				CLANG_WARN_QUOTED_INCLUDE_IN_FRAMEWORK_HEADER = YES;
				CLANG_WARN_RANGE_LOOP_ANALYSIS = YES;
				CLANG_WARN_STRICT_PROTOTYPES = YES;
				CLANG_WARN_SUSPICIOUS_MOVE = YES;
				CLANG_WARN_UNGUARDED_AVAILABILITY = YES_AGGRESSIVE;
				CLANG_WARN_UNREACHABLE_CODE = YES;
				CLANG_WARN__DUPLICATE_METHOD_MATCH = YES;
				COPY_PHASE_STRIP = NO;
				DEBUG_INFORMATION_FORMAT = dwarf;
				ENABLE_STRICT_OBJC_MSGSEND = YES;
				ENABLE_TESTABILITY = YES;
				ENABLE_USER_SCRIPT_SANDBOXING = YES;
				GCC_C_LANGUAGE_STANDARD = gnu17;
				GCC_DYNAMIC_NO_PIC = NO;
				GCC_NO_COMMON_BLOCKS = YES;
				GCC_OPTIMIZATION_LEVEL = 0;
				GCC_PREPROCESSOR_DEFINITIONS = (
					"DEBUG=1",
					"$(inherited)",
				);
				GCC_WARN_64_TO_32_BIT_CONVERSION = YES;
				GCC_WARN_ABOUT_RETURN_TYPE = YES_ERROR;
				GCC_WARN_UNDECLARED_SELECTOR = YES;
				GCC_WARN_UNINITIALIZED_AUTOS = YES_AGGRESSIVE;
				GCC_WARN_UNUSED_FUNCTION = YES;
				GCC_WARN_UNUSED_VARIABLE = YES;
				IPHONEOS_DEPLOYMENT_TARGET = 17.4;
				LOCALIZATION_PREFERS_STRING_CATALOGS = YES;
				MTL_ENABLE_DEBUG_INFO = INCLUDE_SOURCE;
				MTL_FAST_MATH = YES;
				ONLY_ACTIVE_ARCH = YES;
				SDKROOT = iphoneos;
				SWIFT_ACTIVE_COMPILATION_CONDITIONS = "DEBUG $(inherited)";
				SWIFT_OPTIMIZATION_LEVEL = "-Onone";
			};
			name = Debug;
		};
		69F899672BBC4B8A00D600BE /* Release */ = {
			isa = XCBuildConfiguration;
			buildSettings = {
				ALWAYS_SEARCH_USER_PATHS = NO;
				ASSETCATALOG_COMPILER_GENERATE_SWIFT_ASSET_SYMBOL_EXTENSIONS = YES;
				CLANG_ANALYZER_NONNULL = YES;
				CLANG_ANALYZER_NUMBER_OBJECT_CONVERSION = YES_AGGRESSIVE;
				CLANG_CXX_LANGUAGE_STANDARD = "gnu++20";
				CLANG_ENABLE_MODULES = YES;
				CLANG_ENABLE_OBJC_ARC = YES;
				CLANG_ENABLE_OBJC_WEAK = YES;
				CLANG_WARN_BLOCK_CAPTURE_AUTORELEASING = YES;
				CLANG_WARN_BOOL_CONVERSION = YES;
				CLANG_WARN_COMMA = YES;
				CLANG_WARN_CONSTANT_CONVERSION = YES;
				CLANG_WARN_DEPRECATED_OBJC_IMPLEMENTATIONS = YES;
				CLANG_WARN_DIRECT_OBJC_ISA_USAGE = YES_ERROR;
				CLANG_WARN_DOCUMENTATION_COMMENTS = YES;
				CLANG_WARN_EMPTY_BODY = YES;
				CLANG_WARN_ENUM_CONVERSION = YES;
				CLANG_WARN_INFINITE_RECURSION = YES;
				CLANG_WARN_INT_CONVERSION = YES;
				CLANG_WARN_NON_LITERAL_NULL_CONVERSION = YES;
				CLANG_WARN_OBJC_IMPLICIT_RETAIN_SELF = YES;
				CLANG_WARN_OBJC_LITERAL_CONVERSION = YES;
				CLANG_WARN_OBJC_ROOT_CLASS = YES_ERROR;
				CLANG_WARN_QUOTED_INCLUDE_IN_FRAMEWORK_HEADER = YES;
				CLANG_WARN_RANGE_LOOP_ANALYSIS = YES;
				CLANG_WARN_STRICT_PROTOTYPES = YES;
				CLANG_WARN_SUSPICIOUS_MOVE = YES;
				CLANG_WARN_UNGUARDED_AVAILABILITY = YES_AGGRESSIVE;
				CLANG_WARN_UNREACHABLE_CODE = YES;
				CLANG_WARN__DUPLICATE_METHOD_MATCH = YES;
				COPY_PHASE_STRIP = NO;
				DEBUG_INFORMATION_FORMAT = "dwarf-with-dsym";
				ENABLE_NS_ASSERTIONS = NO;
				ENABLE_STRICT_OBJC_MSGSEND = YES;
				ENABLE_USER_SCRIPT_SANDBOXING = YES;
				GCC_C_LANGUAGE_STANDARD = gnu17;
				GCC_NO_COMMON_BLOCKS = YES;
				GCC_WARN_64_TO_32_BIT_CONVERSION = YES;
				GCC_WARN_ABOUT_RETURN_TYPE = YES_ERROR;
				GCC_WARN_UNDECLARED_SELECTOR = YES;
				GCC_WARN_UNINITIALIZED_AUTOS = YES_AGGRESSIVE;
				GCC_WARN_UNUSED_FUNCTION = YES;
				GCC_WARN_UNUSED_VARIABLE = YES;
				IPHONEOS_DEPLOYMENT_TARGET = 17.4;
				LOCALIZATION_PREFERS_STRING_CATALOGS = YES;
				MTL_ENABLE_DEBUG_INFO = NO;
				MTL_FAST_MATH = YES;
				SDKROOT = iphoneos;
				SWIFT_COMPILATION_MODE = wholemodule;
				VALIDATE_PRODUCT = YES;
			};
			name = Release;
		};
		69F899692BBC4B8A00D600BE /* Debug */ = {
			isa = XCBuildConfiguration;
			buildSettings = {
				ASSETCATALOG_COMPILER_APPICON_NAME = AppIcon;
				ASSETCATALOG_COMPILER_GLOBAL_ACCENT_COLOR_NAME = AccentColor;
				CODE_SIGN_STYLE = Automatic;
				CURRENT_PROJECT_VERSION = 1;
				DEVELOPMENT_TEAM = LX3TQB65GJ;
				GENERATE_INFOPLIST_FILE = YES;
				INFOPLIST_FILE = University/Info.plist;
				INFOPLIST_KEY_UIApplicationSupportsIndirectInputEvents = YES;
				INFOPLIST_KEY_UILaunchStoryboardName = LaunchScreen;
				INFOPLIST_KEY_UISupportedInterfaceOrientations = "UIInterfaceOrientationLandscapeLeft UIInterfaceOrientationLandscapeRight UIInterfaceOrientationPortrait";
				INFOPLIST_KEY_UISupportedInterfaceOrientations_iPad = "UIInterfaceOrientationLandscapeLeft UIInterfaceOrientationLandscapeRight UIInterfaceOrientationPortrait UIInterfaceOrientationPortraitUpsideDown";
				IPHONEOS_DEPLOYMENT_TARGET = 17.4;
				LD_RUNPATH_SEARCH_PATHS = (
					"$(inherited)",
					"@executable_path/Frameworks",
				);
				MARKETING_VERSION = 1.0;
				PRODUCT_BUNDLE_IDENTIFIER = com.albaylar.University;
				PRODUCT_NAME = "$(TARGET_NAME)";
				SWIFT_EMIT_LOC_STRINGS = YES;
				SWIFT_VERSION = 5.0;
				TARGETED_DEVICE_FAMILY = "1,2";
			};
			name = Debug;
		};
		69F8996A2BBC4B8A00D600BE /* Release */ = {
			isa = XCBuildConfiguration;
			buildSettings = {
				ASSETCATALOG_COMPILER_APPICON_NAME = AppIcon;
				ASSETCATALOG_COMPILER_GLOBAL_ACCENT_COLOR_NAME = AccentColor;
				CODE_SIGN_STYLE = Automatic;
				CURRENT_PROJECT_VERSION = 1;
				DEVELOPMENT_TEAM = LX3TQB65GJ;
				GENERATE_INFOPLIST_FILE = YES;
				INFOPLIST_FILE = University/Info.plist;
				INFOPLIST_KEY_UIApplicationSupportsIndirectInputEvents = YES;
				INFOPLIST_KEY_UILaunchStoryboardName = LaunchScreen;
				INFOPLIST_KEY_UISupportedInterfaceOrientations = "UIInterfaceOrientationLandscapeLeft UIInterfaceOrientationLandscapeRight UIInterfaceOrientationPortrait";
				INFOPLIST_KEY_UISupportedInterfaceOrientations_iPad = "UIInterfaceOrientationLandscapeLeft UIInterfaceOrientationLandscapeRight UIInterfaceOrientationPortrait UIInterfaceOrientationPortraitUpsideDown";
				IPHONEOS_DEPLOYMENT_TARGET = 17.4;
				LD_RUNPATH_SEARCH_PATHS = (
					"$(inherited)",
					"@executable_path/Frameworks",
				);
				MARKETING_VERSION = 1.0;
				PRODUCT_BUNDLE_IDENTIFIER = com.albaylar.University;
				PRODUCT_NAME = "$(TARGET_NAME)";
				SWIFT_EMIT_LOC_STRINGS = YES;
				SWIFT_VERSION = 5.0;
				TARGETED_DEVICE_FAMILY = "1,2";
			};
			name = Release;
		};
/* End XCBuildConfiguration section */

/* Begin XCConfigurationList section */
		69F8994C2BBC4B8700D600BE /* Build configuration list for PBXProject "University" */ = {
			isa = XCConfigurationList;
			buildConfigurations = (
				69F899662BBC4B8A00D600BE /* Debug */,
				69F899672BBC4B8A00D600BE /* Release */,
			);
			defaultConfigurationIsVisible = 0;
			defaultConfigurationName = Release;
		};
		69F899682BBC4B8A00D600BE /* Build configuration list for PBXNativeTarget "University" */ = {
			isa = XCConfigurationList;
			buildConfigurations = (
				69F899692BBC4B8A00D600BE /* Debug */,
				69F8996A2BBC4B8A00D600BE /* Release */,
			);
			defaultConfigurationIsVisible = 0;
			defaultConfigurationName = Release;
		};
/* End XCConfigurationList section */

/* Begin XCRemoteSwiftPackageReference section */
		692747C32BCEC32500E01B14 /* XCRemoteSwiftPackageReference "SnapKit" */ = {
			isa = XCRemoteSwiftPackageReference;
			repositoryURL = "https://github.com/SnapKit/SnapKit";
			requirement = {
				kind = upToNextMajorVersion;
				minimumVersion = 5.7.1;
			};
		};
		692747C62BCEC33700E01B14 /* XCRemoteSwiftPackageReference "Alamofire" */ = {
			isa = XCRemoteSwiftPackageReference;
			repositoryURL = "https://github.com/Alamofire/Alamofire";
			requirement = {
				kind = upToNextMajorVersion;
				minimumVersion = 5.9.1;
			};
		};
/* End XCRemoteSwiftPackageReference section */

/* Begin XCSwiftPackageProductDependency section */
		692747C42BCEC32500E01B14 /* SnapKit */ = {
			isa = XCSwiftPackageProductDependency;
			package = 692747C32BCEC32500E01B14 /* XCRemoteSwiftPackageReference "SnapKit" */;
			productName = SnapKit;
		};
		692747C72BCEC33700E01B14 /* Alamofire */ = {
			isa = XCSwiftPackageProductDependency;
			package = 692747C62BCEC33700E01B14 /* XCRemoteSwiftPackageReference "Alamofire" */;
			productName = Alamofire;
		};
		692747C92BCEC33700E01B14 /* AlamofireDynamic */ = {
			isa = XCSwiftPackageProductDependency;
			package = 692747C62BCEC33700E01B14 /* XCRemoteSwiftPackageReference "Alamofire" */;
			productName = AlamofireDynamic;
		};
/* End XCSwiftPackageProductDependency section */

/* Begin XCVersionGroup section */
		69E81BE62BFCE07900BE6537 /* University.xcdatamodeld */ = {
			isa = XCVersionGroup;
			children = (
				69E81BE72BFCE07900BE6537 /* University.xcdatamodel */,
			);
			currentVersion = 69E81BE72BFCE07900BE6537 /* University.xcdatamodel */;
			name = University.xcdatamodeld;
			path = /Users/furkandenizalbaylar/Desktop/University/University/University.xcdatamodeld;
			sourceTree = "<group>";
			versionGroupType = wrapper.xcdatamodel;
		};
/* End XCVersionGroup section */
	};
	rootObject = 69F899492BBC4B8700D600BE /* Project object */;
}
